
Microsoft Visual Studio Solution File, Format Version 12.00
# Visual Studio Version 17
VisualStudioVersion = 17.0.31903.59
MinimumVisualStudioVersion = 10.0.40219.1
Project("{FAE04EC0-301F-11D3-BF4B-00C04F79EFBC}") = "PasteleriaCanelas.Api", "PasteleriaCanelas.Api\PasteleriaCanelas.Api.csproj", "{535B2AC9-1E50-44CB-A324-BE36AEADE520}"
EndProject
Project("{FAE04EC0-301F-11D3-BF4B-00C04F79EFBC}") = "PasteleriaCanelas.Domain", "PasteleriaCanelas.Domain\PasteleriaCanelas.Domain.csproj", "{1E358C24-DA5D-4F99-A22E-5E203EB1EB84}"
EndProject
Project("{FAE04EC0-301F-11D3-BF4B-00C04F79EFBC}") = "PasteleriaCanelas.Data", "PasteleriaCanelas.Data\PasteleriaCanelas.Data.csproj", "{1D21F0DC-F892-4C4E-BC02-DD817204CC87}"
EndProject
Project("{FAE04EC0-301F-11D3-BF4B-00C04F79EFBC}") = "PasteleriaCanelas.Services", "PasteleriaCanelas.Services\PasteleriaCanelas.Services.csproj", "{79AB4D79-DF5A-4EBA-8E0F-25CDC474BFB2}"
EndProject
Global
	GlobalSection(SolutionConfigurationPlatforms) = preSolution
		Debug|Any CPU = Debug|Any CPU
		Debug|x64 = Debug|x64
		Debug|x86 = Debug|x86
		Release|Any CPU = Release|Any CPU
		Release|x64 = Release|x64
		Release|x86 = Release|x86
	EndGlobalSection
	GlobalSection(ProjectConfigurationPlatforms) = postSolution
		{535B2AC9-1E50-44CB-A324-BE36AEADE520}.Debug|Any CPU.ActiveCfg = Debug|Any CPU
		{535B2AC9-1E50-44CB-A324-BE36AEADE520}.Debug|Any CPU.Build.0 = Debug|Any CPU
		{535B2AC9-1E50-44CB-A324-BE36AEADE520}.Debug|x64.ActiveCfg = Debug|Any CPU
		{535B2AC9-1E50-44CB-A324-BE36AEADE520}.Debug|x64.Build.0 = Debug|Any CPU
		{535B2AC9-1E50-44CB-A324-BE36AEADE520}.Debug|x86.ActiveCfg = Debug|Any CPU
		{535B2AC9-1E50-44CB-A324-BE36AEADE520}.Debug|x86.Build.0 = Debug|Any CPU
		{535B2AC9-1E50-44CB-A324-BE36AEADE520}.Release|Any CPU.ActiveCfg = Release|Any CPU
		{535B2AC9-1E50-44CB-A324-BE36AEADE520}.Release|Any CPU.Build.0 = Release|Any CPU
		{535B2AC9-1E50-44CB-A324-BE36AEADE520}.Release|x64.ActiveCfg = Release|Any CPU
		{535B2AC9-1E50-44CB-A324-BE36AEADE520}.Release|x64.Build.0 = Release|Any CPU
		{535B2AC9-1E50-44CB-A324-BE36AEADE520}.Release|x86.ActiveCfg = Release|Any CPU
		{535B2AC9-1E50-44CB-A324-BE36AEADE520}.Release|x86.Build.0 = Release|Any CPU
		{1E358C24-DA5D-4F99-A22E-5E203EB1EB84}.Debug|Any CPU.ActiveCfg = Debug|Any CPU
		{1E358C24-DA5D-4F99-A22E-5E203EB1EB84}.Debug|Any CPU.Build.0 = Debug|Any CPU
		{1E358C24-DA5D-4F99-A22E-5E203EB1EB84}.Debug|x64.ActiveCfg = Debug|Any CPU
		{1E358C24-DA5D-4F99-A22E-5E203EB1EB84}.Debug|x64.Build.0 = Debug|Any CPU
		{1E358C24-DA5D-4F99-A22E-5E203EB1EB84}.Debug|x86.ActiveCfg = Debug|Any CPU
		{1E358C24-DA5D-4F99-A22E-5E203EB1EB84}.Debug|x86.Build.0 = Debug|Any CPU
		{1E358C24-DA5D-4F99-A22E-5E203EB1EB84}.Release|Any CPU.ActiveCfg = Release|Any CPU
		{1E358C24-DA5D-4F99-A22E-5E203EB1EB84}.Release|Any CPU.Build.0 = Release|Any CPU
		{1E358C24-DA5D-4F99-A22E-5E203EB1EB84}.Release|x64.ActiveCfg = Release|Any CPU
		{1E358C24-DA5D-4F99-A22E-5E203EB1EB84}.Release|x64.Build.0 = Release|Any CPU
		{1E358C24-DA5D-4F99-A22E-5E203EB1EB84}.Release|x86.ActiveCfg = Release|Any CPU
		{1E358C24-DA5D-4F99-A22E-5E203EB1EB84}.Release|x86.Build.0 = Release|Any CPU
		{1D21F0DC-F892-4C4E-BC02-DD817204CC87}.Debug|Any CPU.ActiveCfg = Debug|Any CPU
		{1D21F0DC-F892-4C4E-BC02-DD817204CC87}.Debug|Any CPU.Build.0 = Debug|Any CPU
		{1D21F0DC-F892-4C4E-BC02-DD817204CC87}.Debug|x64.ActiveCfg = Debug|Any CPU
		{1D21F0DC-F892-4C4E-BC02-DD817204CC87}.Debug|x64.Build.0 = Debug|Any CPU
		{1D21F0DC-F892-4C4E-BC02-DD817204CC87}.Debug|x86.ActiveCfg = Debug|Any CPU
		{1D21F0DC-F892-4C4E-BC02-DD817204CC87}.Debug|x86.Build.0 = Debug|Any CPU
		{1D21F0DC-F892-4C4E-BC02-DD817204CC87}.Release|Any CPU.ActiveCfg = Release|Any CPU
		{1D21F0DC-F892-4C4E-BC02-DD817204CC87}.Release|Any CPU.Build.0 = Release|Any CPU
		{1D21F0DC-F892-4C4E-BC02-DD817204CC87}.Release|x64.ActiveCfg = Release|Any CPU
		{1D21F0DC-F892-4C4E-BC02-DD817204CC87}.Release|x64.Build.0 = Release|Any CPU
		{1D21F0DC-F892-4C4E-BC02-DD817204CC87}.Release|x86.ActiveCfg = Release|Any CPU
		{1D21F0DC-F892-4C4E-BC02-DD817204CC87}.Release|x86.Build.0 = Release|Any CPU
		{79AB4D79-DF5A-4EBA-8E0F-25CDC474BFB2}.Debug|Any CPU.ActiveCfg = Debug|Any CPU
		{79AB4D79-DF5A-4EBA-8E0F-25CDC474BFB2}.Debug|Any CPU.Build.0 = Debug|Any CPU
		{79AB4D79-DF5A-4EBA-8E0F-25CDC474BFB2}.Debug|x64.ActiveCfg = Debug|Any CPU
		{79AB4D79-DF5A-4EBA-8E0F-25CDC474BFB2}.Debug|x64.Build.0 = Debug|Any CPU
		{79AB4D79-DF5A-4EBA-8E0F-25CDC474BFB2}.Debug|x86.ActiveCfg = Debug|Any CPU
		{79AB4D79-DF5A-4EBA-8E0F-25CDC474BFB2}.Debug|x86.Build.0 = Debug|Any CPU
		{79AB4D79-DF5A-4EBA-8E0F-25CDC474BFB2}.Release|Any CPU.ActiveCfg = Release|Any CPU
		{79AB4D79-DF5A-4EBA-8E0F-25CDC474BFB2}.Release|Any CPU.Build.0 = Release|Any CPU
		{79AB4D79-DF5A-4EBA-8E0F-25CDC474BFB2}.Release|x64.ActiveCfg = Release|Any CPU
		{79AB4D79-DF5A-4EBA-8E0F-25CDC474BFB2}.Release|x64.Build.0 = Release|Any CPU
		{79AB4D79-DF5A-4EBA-8E0F-25CDC474BFB2}.Release|x86.ActiveCfg = Release|Any CPU
		{79AB4D79-DF5A-4EBA-8E0F-25CDC474BFB2}.Release|x86.Build.0 = Release|Any CPU
	EndGlobalSection
	GlobalSection(SolutionProperties) = preSolution
		HideSolutionNode = FALSE
	EndGlobalSection
EndGlobal
